
Microsoft Visual Studio Solution File, Format Version 12.00
# Visual Studio Version 16
VisualStudioVersion = 16.0.31727.386
MinimumVisualStudioVersion = 10.0.40219.1
Project("{FAE04EC0-301F-11D3-BF4B-00C04F79EFBC}") = "ConsoleApp12", "ConsoleApp12\ConsoleApp12.csproj", "{1939B52A-FFC0-4533-8F21-261E574EF192}"
EndProject
Global
	GlobalSection(SolutionConfigurationPlatforms) = preSolution
		Debug|Any CPU = Debug|Any CPU
		Release|Any CPU = Release|Any CPU
	EndGlobalSection
	GlobalSection(ProjectConfigurationPlatforms) = postSolution
		{1939B52A-FFC0-4533-8F21-261E574EF192}.Debug|Any CPU.ActiveCfg = Debug|Any CPU
		{1939B52A-FFC0-4533-8F21-261E574EF192}.Debug|Any CPU.Build.0 = Debug|Any CPU
		{1939B52A-FFC0-4533-8F21-261E574EF192}.Release|Any CPU.ActiveCfg = Release|Any CPU
		{1939B52A-FFC0-4533-8F21-261E574EF192}.Release|Any CPU.Build.0 = Release|Any CPU
	EndGlobalSection
	GlobalSection(SolutionProperties) = preSolution
		HideSolutionNode = FALSE
	EndGlobalSection
	GlobalSection(ExtensibilityGlobals) = postSolution
		SolutionGuid = {57E443D0-12AA-48F5-8B6C-E6EF36260587}
	EndGlobalSection
EndGlobal
